{
  "name": "@doop/dynamic-component",
  "version": "1.0.4",
  "lockfileVersion": 2,
  "requires": true,
  "packages": {
    "": {
      "name": "@doop/dynamic-component",
      "version": "1.0.4",
      "license": "MIT",
      "dependencies": {
        "@doop/lodash": "^1.0.0"
      }
    },
    "node_modules/@doop/lodash": {
      "version": "1.0.0",
      "resolved": "https://registry.npmjs.org/@doop/lodash/-/lodash-1.0.0.tgz",
      "integrity": "sha512-+ufWA+15wUUX2Wjss50KKMJVD67+/biWUsWmYwyRmey/Nbsj/wHOEF8T2nftHsBT+NW1fta/NKfnHUO0E/6LGw==",
      "dependencies": {
        "lodash": "^4.17.21"
      }
    },
    "node_modules/lodash": {
      "version": "4.17.21",
      "resolved": "https://registry.npmjs.org/lodash/-/lodash-4.17.21.tgz",
      "integrity": "sha512-v2kDEe57lecTulaDIuNTPy3Ry4gLGJ6Z1O3vE1krgXZNrsQ+LFTGHVxVjcXPs17LhbZVGedAJv8XZ1tvj5FvSg=="
    }
  },
  "dependencies": {
    "@doop/lodash": {
      "version": "1.0.0",
      "resolved": "https://registry.npmjs.org/@doop/lodash/-/lodash-1.0.0.tgz",
      "integrity": "sha512-+ufWA+15wUUX2Wjss50KKMJVD67+/biWUsWmYwyRmey/Nbsj/wHOEF8T2nftHsBT+NW1fta/NKfnHUO0E/6LGw==",
      "requires": {
        "lodash": "^4.17.21"
      }
    },
    "lodash": {
      "version": "4.17.21",
      "resolved": "https://registry.npmjs.org/lodash/-/lodash-4.17.21.tgz",
      "integrity": "sha512-v2kDEe57lecTulaDIuNTPy3Ry4gLGJ6Z1O3vE1krgXZNrsQ+LFTGHVxVjcXPs17LhbZVGedAJv8XZ1tvj5FvSg=="
    }
  }
}
